
Microsoft Visual Studio Solution File, Format Version 12.00
# Visual Studio Version 17
VisualStudioVersion = 17.14.36930.0
MinimumVisualStudioVersion = 10.0.40219.1
Project("{FAE04EC0-301F-11D3-BF4B-00C04F79EFBC}") = "Sistema Financeiro", "Sistema Financeiro\Sistema Financeiro.csproj", "{53E06E55-8275-4490-A0E1-BB7224CCF484}"
EndProject
Global
	GlobalSection(SolutionConfigurationPlatforms) = preSolution
		Debug|Any CPU = Debug|Any CPU
		Release|Any CPU = Release|Any CPU
	EndGlobalSection
	GlobalSection(ProjectConfigurationPlatforms) = postSolution
		{53E06E55-8275-4490-A0E1-BB7224CCF484}.Debug|Any CPU.ActiveCfg = Debug|Any CPU
		{53E06E55-8275-4490-A0E1-BB7224CCF484}.Debug|Any CPU.Build.0 = Debug|Any CPU
		{53E06E55-8275-4490-A0E1-BB7224CCF484}.Release|Any CPU.ActiveCfg = Release|Any CPU
		{53E06E55-8275-4490-A0E1-BB7224CCF484}.Release|Any CPU.Build.0 = Release|Any CPU
	EndGlobalSection
	GlobalSection(SolutionProperties) = preSolution
		HideSolutionNode = FALSE
	EndGlobalSection
	GlobalSection(ExtensibilityGlobals) = postSolution
		SolutionGuid = {B32F84EF-1385-47E5-BEFC-E991504457C7}
	EndGlobalSection
EndGlobal
